
Microsoft Visual Studio Solution File, Format Version 12.00
# Visual Studio Version 17
VisualStudioVersion = 17.6.33815.320
MinimumVisualStudioVersion = 10.0.40219.1
Project("{FAE04EC0-301F-11D3-BF4B-00C04F79EFBC}") = "AppMusic", "AppMusic\AppMusic.csproj", "{6A4A64EB-B037-4656-B4F2-4D547E4A625D}"
EndProject
Global
	GlobalSection(SolutionConfigurationPlatforms) = preSolution
		Debug|Any CPU = Debug|Any CPU
		Release|Any CPU = Release|Any CPU
	EndGlobalSection
	GlobalSection(ProjectConfigurationPlatforms) = postSolution
		{6A4A64EB-B037-4656-B4F2-4D547E4A625D}.Debug|Any CPU.ActiveCfg = Debug|Any CPU
		{6A4A64EB-B037-4656-B4F2-4D547E4A625D}.Debug|Any CPU.Build.0 = Debug|Any CPU
		{6A4A64EB-B037-4656-B4F2-4D547E4A625D}.Release|Any CPU.ActiveCfg = Release|Any CPU
		{6A4A64EB-B037-4656-B4F2-4D547E4A625D}.Release|Any CPU.Build.0 = Release|Any CPU
	EndGlobalSection
	GlobalSection(SolutionProperties) = preSolution
		HideSolutionNode = FALSE
	EndGlobalSection
	GlobalSection(ExtensibilityGlobals) = postSolution
		SolutionGuid = {A95BD607-FF29-40ED-BFAE-80B599555F28}
	EndGlobalSection
EndGlobal
